// !$*UTF8*$!
{
	archiveVersion = 1;
	classes = {
	};
	objectVersion = 46;
	objects = {

/* Begin PBXBuildFile section */
		143202471D33D5840079DEF7 /* AppDelegate.swift in Sources */ = {isa = PBXBuildFile; fileRef = 143202461D33D5840079DEF7 /* AppDelegate.swift */; };
		143202491D33D5840079DEF7 /* ViewController.swift in Sources */ = {isa = PBXBuildFile; fileRef = 143202481D33D5840079DEF7 /* ViewController.swift */; };
		1432024C1D33D5840079DEF7 /* Main.storyboard in Resources */ = {isa = PBXBuildFile; fileRef = 1432024A1D33D5840079DEF7 /* Main.storyboard */; };
		1432024E1D33D5840079DEF7 /* Assets.xcassets in Resources */ = {isa = PBXBuildFile; fileRef = 1432024D1D33D5840079DEF7 /* Assets.xcassets */; };
		143202511D33D5840079DEF7 /* LaunchScreen.storyboard in Resources */ = {isa = PBXBuildFile; fileRef = 1432024F1D33D5840079DEF7 /* LaunchScreen.storyboard */; };
/* End PBXBuildFile section */

/* Begin PBXFileReference section */
		143202431D33D5830079DEF7 /* CustomizeTableViewCellUseFileXIB.app */ = {isa = PBXFileReference; explicitFileType = wrapper.application; includeInIndex = 0; path = CustomizeTableViewCellUseFileXIB.app; sourceTree = BUILT_PRODUCTS_DIR; };
		143202461D33D5840079DEF7 /* AppDelegate.swift */ = {isa = PBXFileReference; lastKnownFileType = sourcecode.swift; path = AppDelegate.swift; sourceTree = "<group>"; };
		143202481D33D5840079DEF7 /* ViewController.swift */ = {isa = PBXFileReference; lastKnownFileType = sourcecode.swift; path = ViewController.swift; sourceTree = "<group>"; };
		1432024B1D33D5840079DEF7 /* Base */ = {isa = PBXFileReference; lastKnownFileType = file.storyboard; name = Base; path = Base.lproj/Main.storyboard; sourceTree = "<group>"; };
		1432024D1D33D5840079DEF7 /* Assets.xcassets */ = {isa = PBXFileReference; lastKnownFileType = folder.assetcatalog; path = Assets.xcassets; sourceTree = "<group>"; };
		143202501D33D5840079DEF7 /* Base */ = {isa = PBXFileReference; lastKnownFileType = file.storyboard; name = Base; path = Base.lproj/LaunchScreen.storyboard; sourceTree = "<group>"; };
		143202521D33D5840079DEF7 /* Info.plist */ = {isa = PBXFileReference; lastKnownFileType = text.plist.xml; path = Info.plist; sourceTree = "<group>"; };
/* End PBXFileReference section */

/* Begin PBXFrameworksBuildPhase section */
		143202401D33D5830079DEF7 /* Frameworks */ = {
			isa = PBXFrameworksBuildPhase;
			buildActionMask = 2147483647;
			files = (
			);
			runOnlyForDeploymentPostprocessing = 0;
		};
/* End PBXFrameworksBuildPhase section */

/* Begin PBXGroup section */
		1432023A1D33D5830079DEF7 = {
			isa = PBXGroup;
			children = (
				143202451D33D5830079DEF7 /* CustomizeTableViewCellUseFileXIB */,
				143202441D33D5830079DEF7 /* Products */,
			);
			sourceTree = "<group>";
		};
		143202441D33D5830079DEF7 /* Products */ = {
			isa = PBXGroup;
			children = (
				143202431D33D5830079DEF7 /* CustomizeTableViewCellUseFileXIB.app */,
			);
			name = Products;
			sourceTree = "<group>";
		};
		143202451D33D5830079DEF7 /* CustomizeTableViewCellUseFileXIB */ = {
			isa = PBXGroup;
			children = (
				143202461D33D5840079DEF7 /* AppDelegate.swift */,
				143202481D33D5840079DEF7 /* ViewController.swift */,
				1432024A1D33D5840079DEF7 /* Main.storyboard */,
				1432024D1D33D5840079DEF7 /* Assets.xcassets */,
				1432024F1D33D5840079DEF7 /* LaunchScreen.storyboard */,
				143202521D33D5840079DEF7 /* Info.plist */,
			);
			path = CustomizeTableViewCellUseFileXIB;
			sourceTree = "<group>";
		};
/* End PBXGroup section */

/* Begin PBXNativeTarget section */
		143202421D33D5830079DEF7 /* CustomizeTableViewCellUseFileXIB */ = {
			isa = PBXNativeTarget;
			buildConfigurationList = 143202551D33D5840079DEF7 /* Build configuration list for PBXNativeTarget "CustomizeTableViewCellUseFileXIB" */;
			buildPhases = (
				1432023F1D33D5830079DEF7 /* Sources */,
				143202401D33D5830079DEF7 /* Frameworks */,
				143202411D33D5830079DEF7 /* Resources */,
			);
			buildRules = (
			);
			dependencies = (
			);
			name = CustomizeTableViewCellUseFileXIB;
			productName = CustomizeTableViewCellUseFileXIB;
			productReference = 143202431D33D5830079DEF7 /* CustomizeTableViewCellUseFileXIB.app */;
			productType = "com.apple.product-type.application";
		};
/* End PBXNativeTarget section */

/* Begin PBXProject section */
		1432023B1D33D5830079DEF7 /* Project object */ = {
			isa = PBXProject;
			attributes = {
				LastSwiftUpdateCheck = 0730;
				LastUpgradeCheck = 0730;
				ORGANIZATIONNAME = MyStudio;
				TargetAttributes = {
					143202421D33D5830079DEF7 = {
						CreatedOnToolsVersion = 7.3.1;
					};
				};
			};
			buildConfigurationList = 1432023E1D33D5830079DEF7 /* Build configuration list for PBXProject "CustomizeTableViewCellUseFileXIB" */;
			compatibilityVersion = "Xcode 3.2";
			developmentRegion = English;
			hasScannedForEncodings = 0;
			knownRegions = (
				en,
				Base,
			);
			mainGroup = 1432023A1D33D5830079DEF7;
			productRefGroup = 143202441D33D5830079DEF7 /* Products */;
			projectDirPath = "";
			projectRoot = "";
			targets = (
				143202421D33D5830079DEF7 /* CustomizeTableViewCellUseFileXIB */,
			);
		};
/* End PBXProject section */

/* Begin PBXResourcesBuildPhase section */
		143202411D33D5830079DEF7 /* Resources */ = {
			isa = PBXResourcesBuildPhase;
			buildActionMask = 2147483647;
			files = (
				143202511D33D5840079DEF7 /* LaunchScreen.storyboard in Resources */,
				1432024E1D33D5840079DEF7 /* Assets.xcassets in Resources */,
				1432024C1D33D5840079DEF7 /* Main.storyboard in Resources */,
			);
			runOnlyForDeploymentPostprocessing = 0;
		};
/* End PBXResourcesBuildPhase section */

/* Begin PBXSourcesBuildPhase section */
		1432023F1D33D5830079DEF7 /* Sources */ = {
			isa = PBXSourcesBuildPhase;
			buildActionMask = 2147483647;
			files = (
				143202491D33D5840079DEF7 /* ViewController.swift in Sources */,
				143202471D33D5840079DEF7 /* AppDelegate.swift in Sources */,
			);
			runOnlyForDeploymentPostprocessing = 0;
		};
/* End PBXSourcesBuildPhase section */

/* Begin PBXVariantGroup section */
		1432024A1D33D5840079DEF7 /* Main.storyboard */ = {
			isa = PBXVariantGroup;
			children = (
				1432024B1D33D5840079DEF7 /* Base */,
			);
			name = Main.storyboard;
			sourceTree = "<group>";
		};
		1432024F1D33D5840079DEF7 /* LaunchScreen.storyboard */ = {
			isa = PBXVariantGroup;
			children = (
				143202501D33D5840079DEF7 /* Base */,
			);
			name = LaunchScreen.storyboard;
			sourceTree = "<group>";
		};
/* End PBXVariantGroup section */

/* Begin XCBuildConfiguration section */
		143202531D33D5840079DEF7 /* Debug */ = {
			isa = XCBuildConfiguration;
			buildSettings = {
				ALWAYS_SEARCH_USER_PATHS = NO;
				CLANG_ANALYZER_NONNULL = YES;
				CLANG_CXX_LANGUAGE_STANDARD = "gnu++0x";
				CLANG_CXX_LIBRARY = "libc++";
				CLANG_ENABLE_MODULES = YES;
				CLANG_ENABLE_OBJC_ARC = YES;
				CLANG_WARN_BOOL_CONVERSION = YES;
				CLANG_WARN_CONSTANT_CONVERSION = YES;
				CLANG_WARN_DIRECT_OBJC_ISA_USAGE = YES_ERROR;
				CLANG_WARN_EMPTY_BODY = YES;
				CLANG_WARN_ENUM_CONVERSION = YES;
				CLANG_WARN_INT_CONVERSION = YES;
				CLANG_WARN_OBJC_ROOT_CLASS = YES_ERROR;
				CLANG_WARN_UNREACHABLE_CODE = YES;
				CLANG_WARN__DUPLICATE_METHOD_MATCH = YES;
				"CODE_SIGN_IDENTITY[sdk=iphoneos*]" = "iPhone Developer";
				COPY_PHASE_STRIP = NO;
				DEBUG_INFORMATION_FORMAT = dwarf;
				ENABLE_STRICT_OBJC_MSGSEND = YES;
				ENABLE_TESTABILITY = YES;
				GCC_C_LANGUAGE_STANDARD = gnu99;
				GCC_DYNAMIC_NO_PIC = NO;
				GCC_NO_COMMON_BLOCKS = YES;
				GCC_OPTIMIZATION_LEVEL = 0;
				GCC_PREPROCESSOR_DEFINITIONS = (
					"DEBUG=1",
					"$(inherited)",
				);
				GCC_WARN_64_TO_32_BIT_CONVERSION = YES;
				GCC_WARN_ABOUT_RETURN_TYPE = YES_ERROR;
				GCC_WARN_UNDECLARED_SELECTOR = YES;
				GCC_WARN_UNINITIALIZED_AUTOS = YES_AGGRESSIVE;
				GCC_WARN_UNUSED_FUNCTION = YES;
				GCC_WARN_UNUSED_VARIABLE = YES;
				IPHONEOS_DEPLOYMENT_TARGET = 9.3;
				MTL_ENABLE_DEBUG_INFO = YES;
				ONLY_ACTIVE_ARCH = YES;
				SDKROOT = iphoneos;
				SWIFT_OPTIMIZATION_LEVEL = "-Onone";
				TARGETED_DEVICE_FAMILY = "1,2";
			};
			name = Debug;
		};
		143202541D33D5840079DEF7 /* Release */ = {
			isa = XCBuildConfiguration;
			buildSettings = {
				ALWAYS_SEARCH_USER_PATHS = NO;
				CLANG_ANALYZER_NONNULL = YES;
				CLANG_CXX_LANGUAGE_STANDARD = "gnu++0x";
				CLANG_CXX_LIBRARY = "libc++";
				CLANG_ENABLE_MODULES = YES;
				CLANG_ENABLE_OBJC_ARC = YES;
				CLANG_WARN_BOOL_CONVERSION = YES;
				CLANG_WARN_CONSTANT_CONVERSION = YES;
				CLANG_WARN_DIRECT_OBJC_ISA_USAGE = YES_ERROR;
				CLANG_WARN_EMPTY_BODY = YES;
				CLANG_WARN_ENUM_CONVERSION = YES;
				CLANG_WARN_INT_CONVERSION = YES;
				CLANG_WARN_OBJC_ROOT_CLASS = YES_ERROR;
				CLANG_WARN_UNREACHABLE_CODE = YES;
				CLANG_WARN__DUPLICATE_METHOD_MATCH = YES;
				"CODE_SIGN_IDENTITY[sdk=iphoneos*]" = "iPhone Developer";
				COPY_PHASE_STRIP = NO;
				DEBUG_INFORMATION_FORMAT = "dwarf-with-dsym";
				ENABLE_NS_ASSERTIONS = NO;
				ENABLE_STRICT_OBJC_MSGSEND = YES;
				GCC_C_LANGUAGE_STANDARD = gnu99;
				GCC_NO_COMMON_BLOCKS = YES;
				GCC_WARN_64_TO_32_BIT_CONVERSION = YES;
				GCC_WARN_ABOUT_RETURN_TYPE = YES_ERROR;
				GCC_WARN_UNDECLARED_SELECTOR = YES;
				GCC_WARN_UNINITIALIZED_AUTOS = YES_AGGRESSIVE;
				GCC_WARN_UNUSED_FUNCTION = YES;
				GCC_WARN_UNUSED_VARIABLE = YES;
				IPHONEOS_DEPLOYMENT_TARGET = 9.3;
				MTL_ENABLE_DEBUG_INFO = NO;
				SDKROOT = iphoneos;
				TARGETED_DEVICE_FAMILY = "1,2";
				VALIDATE_PRODUCT = YES;
			};
			name = Release;
		};
		143202561D33D5840079DEF7 /* Debug */ = {
			isa = XCBuildConfiguration;
			buildSettings = {
				ASSETCATALOG_COMPILER_APPICON_NAME = AppIcon;
				INFOPLIST_FILE = CustomizeTableViewCellUseFileXIB/Info.plist;
				LD_RUNPATH_SEARCH_PATHS = "$(inherited) @executable_path/Frameworks";
				PRODUCT_BUNDLE_IDENTIFIER = com.MyStudio.CustomizeTableViewCellUseFileXIB;
				PRODUCT_NAME = "$(TARGET_NAME)";
			};
			name = Debug;
		};
		143202571D33D5840079DEF7 /* Release */ = {
			isa = XCBuildConfiguration;
			buildSettings = {
				ASSETCATALOG_COMPILER_APPICON_NAME = AppIcon;
				INFOPLIST_FILE = CustomizeTableViewCellUseFileXIB/Info.plist;
				LD_RUNPATH_SEARCH_PATHS = "$(inherited) @executable_path/Frameworks";
				PRODUCT_BUNDLE_IDENTIFIER = com.MyStudio.CustomizeTableViewCellUseFileXIB;
				PRODUCT_NAME = "$(TARGET_NAME)";
			};
			name = Release;
		};
/* End XCBuildConfiguration section */

/* Begin XCConfigurationList section */
		1432023E1D33D5830079DEF7 /* Build configuration list for PBXProject "CustomizeTableViewCellUseFileXIB" */ = {
			isa = XCConfigurationList;
			buildConfigurations = (
				143202531D33D5840079DEF7 /* Debug */,
				143202541D33D5840079DEF7 /* Release */,
			);
			defaultConfigurationIsVisible = 0;
			defaultConfigurationName = Release;
		};
		143202551D33D5840079DEF7 /* Build configuration list for PBXNativeTarget "CustomizeTableViewCellUseFileXIB" */ = {
			isa = XCConfigurationList;
			buildConfigurations = (
				143202561D33D5840079DEF7 /* Debug */,
				143202571D33D5840079DEF7 /* Release */,
			);
			defaultConfigurationIsVisible = 0;
		};
/* End XCConfigurationList section */
	};
	rootObject = 1432023B1D33D5830079DEF7 /* Project object */;
}
